
Microsoft Visual Studio Solution File, Format Version 12.00
# Visual Studio 2012
Project("{FAE04EC0-301F-11D3-BF4B-00C04F79EFBC}") = "ProWPF_C", "ProWPF_C\ProWPF_C.csproj", "{02FBA38A-6A6B-4437-B14C-28450624142A}"
EndProject
Project("{FAE04EC0-301F-11D3-BF4B-00C04F79EFBC}") = "CookbookMVVM", "CookbookMVVM\CookbookMVVM.csproj", "{498E8674-266F-4369-8BC7-D1BB305CE473}"
EndProject
Global
	GlobalSection(SolutionConfigurationPlatforms) = preSolution
		Debug|Any CPU = Debug|Any CPU
		Release|Any CPU = Release|Any CPU
	EndGlobalSection
	GlobalSection(ProjectConfigurationPlatforms) = postSolution
		{02FBA38A-6A6B-4437-B14C-28450624142A}.Debug|Any CPU.ActiveCfg = Debug|Any CPU
		{02FBA38A-6A6B-4437-B14C-28450624142A}.Debug|Any CPU.Build.0 = Debug|Any CPU
		{02FBA38A-6A6B-4437-B14C-28450624142A}.Release|Any CPU.ActiveCfg = Release|Any CPU
		{02FBA38A-6A6B-4437-B14C-28450624142A}.Release|Any CPU.Build.0 = Release|Any CPU
		{498E8674-266F-4369-8BC7-D1BB305CE473}.Debug|Any CPU.ActiveCfg = Debug|Any CPU
		{498E8674-266F-4369-8BC7-D1BB305CE473}.Debug|Any CPU.Build.0 = Debug|Any CPU
		{498E8674-266F-4369-8BC7-D1BB305CE473}.Release|Any CPU.ActiveCfg = Release|Any CPU
		{498E8674-266F-4369-8BC7-D1BB305CE473}.Release|Any CPU.Build.0 = Release|Any CPU
	EndGlobalSection
	GlobalSection(SolutionProperties) = preSolution
		HideSolutionNode = FALSE
	EndGlobalSection
EndGlobal
